Microsoft Visual Studio Solution File, Format Version 12.00
# Visual Studio Version 17
VisualStudioVersion = 17.5.2.0
MinimumVisualStudioVersion = 10.0.40219.1
Project("{FAE04EC0-301F-11D3-BF4B-00C04F79EFBC}") = "LibraryApiPostgreSql", "LibraryApiPostgreSql.csproj", "{2BCDD1BB-4920-75F9-F66F-B1533D9AC868}"
EndProject
Global
	GlobalSection(SolutionConfigurationPlatforms) = preSolution
		Debug|Any CPU = Debug|Any CPU
		Release|Any CPU = Release|Any CPU
	EndGlobalSection
	GlobalSection(ProjectConfigurationPlatforms) = postSolution
		{2BCDD1BB-4920-75F9-F66F-B1533D9AC868}.Debug|Any CPU.ActiveCfg = Debug|Any CPU
		{2BCDD1BB-4920-75F9-F66F-B1533D9AC868}.Debug|Any CPU.Build.0 = Debug|Any CPU
		{2BCDD1BB-4920-75F9-F66F-B1533D9AC868}.Release|Any CPU.ActiveCfg = Release|Any CPU
		{2BCDD1BB-4920-75F9-F66F-B1533D9AC868}.Release|Any CPU.Build.0 = Release|Any CPU
	EndGlobalSection
	GlobalSection(SolutionProperties) = preSolution
		HideSolutionNode = FALSE
	EndGlobalSection
	GlobalSection(ExtensibilityGlobals) = postSolution
		SolutionGuid = {B6211FB2-7784-4865-A2FC-D69E35BFF551}
	EndGlobalSection
EndGlobal
